<?xml version="1.0" encoding="utf-8"?>
<Project ToolsVersion="4.0" xmlns="http://schemas.microsoft.com/developer/msbuild/2003">
  <ItemGroup>
    <Filter Include="Accounting">
      <UniqueIdentifier>{F098651F-DC50-A76C-4558-80C8312F425D}</UniqueIdentifier>
    </Filter>
    <Filter Include="Application">
      <UniqueIdentifier>{D9DE78AF-4594-F1A4-CE88-EB7B3A3DE8A8}</UniqueIdentifier>
    </Filter>
    <Filter Include="Core">
      <UniqueIdentifier>{2EB4837C-1AEB-840D-C3D7-6A10AFED000F}</UniqueIdentifier>
    </Filter>
    <Filter Include="Event">
      <UniqueIdentifier>{E70B220D-5320-4ABE-1CA2-ED1D887546EF}</UniqueIdentifier>
    </Filter>
    <Filter Include="Logger">
      <UniqueIdentifier>{25F339C1-1195-6497-FA4F-78EBE690EBE7}</UniqueIdentifier>
    </Filter>
    <Filter Include="UI">
      <UniqueIdentifier>{83755900-6F01-880B-D8AF-880BC45A880B}</UniqueIdentifier>
    </Filter>
    <Filter Include="Utils">
      <UniqueIdentifier>{F68B420E-62A0-6ABF-2B22-0E1F97F566F0}</UniqueIdentifier>
    </Filter>
    <Filter Include="Utils\Cryptography">
      <UniqueIdentifier>{B1E53E84-9DC9-FFD9-062A-FA2CF22CEA5B}</UniqueIdentifier>
    </Filter>
    <Filter Include="Utils\Database">
      <UniqueIdentifier>{9ACB453C-8699-3942-6F2D-AA685B9A15A7}</UniqueIdentifier>
    </Filter>
    <Filter Include="Utils\File">
      <UniqueIdentifier>{E524E1C5-D1DC-2213-3AE4-FB6E26BBBD03}</UniqueIdentifier>
    </Filter>
    <Filter Include="Utils\Time">
      <UniqueIdentifier>{54D2E8C5-408A-2A13-A991-036F9568C503}</UniqueIdentifier>
    </Filter>
    <Filter Include="Utils\UUID">
      <UniqueIdentifier>{DC04E9C5-C8BC-2A13-31C4-036F1D9BC503}</UniqueIdentifier>
    </Filter>
    <Filter Include="Window">
      <UniqueIdentifier>{3DEA79DA-298C-A4B0-1247-B804FE872B01}</UniqueIdentifier>
    </Filter>
  </ItemGroup>
  <ItemGroup>
    <ClInclude Include="src\Accounting\Authenticator.h">
      <Filter>Accounting</Filter>
    </ClInclude>
    <ClInclude Include="src\Application\Application.h">
      <Filter>Application</Filter>
    </ClInclude>
    <ClInclude Include="src\Axiom.h" />
    <ClInclude Include="src\Core\Base.h">
      <Filter>Core</Filter>
    </ClInclude>
    <ClInclude Include="src\Event\Event.h">
      <Filter>Event</Filter>
    </ClInclude>
    <ClInclude Include="src\Event\Eventbus.h">
      <Filter>Event</Filter>
    </ClInclude>
    <ClInclude Include="src\Event\KeyEvent.h">
      <Filter>Event</Filter>
    </ClInclude>
    <ClInclude Include="src\Event\WindowEvent.h">
      <Filter>Event</Filter>
    </ClInclude>
    <ClInclude Include="src\Logger\Logger.h">
      <Filter>Logger</Filter>
    </ClInclude>
    <ClInclude Include="src\UI\ImguiContext.h">
      <Filter>UI</Filter>
    </ClInclude>
    <ClInclude Include="src\UI\ImguiLayer.h">
      <Filter>UI</Filter>
    </ClInclude>
    <ClInclude Include="src\Utils\Database\Database.h">
      <Filter>Utils\Database</Filter>
    </ClInclude>
    <ClInclude Include="src\Utils\File\FileManager.h">
      <Filter>Utils\File</Filter>
    </ClInclude>
    <ClInclude Include="src\Utils\Time\Time.h">
      <Filter>Utils\Time</Filter>
    </ClInclude>
    <ClInclude Include="src\Utils\UUID\UUIDv4.h">
      <Filter>Utils\UUID</Filter>
    </ClInclude>
    <ClInclude Include="src\Utils\UUID\endianness.h">
      <Filter>Utils\UUID</Filter>
    </ClInclude>
    <ClInclude Include="src\Window\Window.h">
      <Filter>Window</Filter>
    </ClInclude>
    <ClInclude Include="src\Utils\Cryptography\Crypt.h" />
  </ItemGroup>
  <ItemGroup>
    <ClCompile Include="src\Application\Application.cpp">
      <Filter>Application</Filter>
    </ClCompile>
    <ClCompile Include="src\Event\Eventbus.cpp">
      <Filter>Event</Filter>
    </ClCompile>
    <ClCompile Include="src\Logger\Logger.cpp">
      <Filter>Logger</Filter>
    </ClCompile>
    <ClCompile Include="src\UI\ImguiContext.cpp">
      <Filter>UI</Filter>
    </ClCompile>
    <ClCompile Include="src\Utils\File\FileManager.cpp">
      <Filter>Utils\File</Filter>
    </ClCompile>
    <ClCompile Include="src\Utils\Time\Time.cpp">
      <Filter>Utils\Time</Filter>
    </ClCompile>
    <ClCompile Include="src\Window\Window.cpp">
      <Filter>Window</Filter>
    </ClCompile>
    <ClCompile Include="src\Utils\Cryptography\Crypt.cpp" />
  </ItemGroup>
</Project>