<?xml version="1.0" encoding="utf-8"?>
<Project ToolsVersion="4.0" xmlns="http://schemas.microsoft.com/developer/msbuild/2003">
  <ItemGroup>
    <Filter Include="Control">
      <UniqueIdentifier>{C6383234-3218-B1CF-3B30-3CA6A78E1731}</UniqueIdentifier>
    </Filter>
    <Filter Include="Model">
      <UniqueIdentifier>{D6F3AE0D-4208-D7BE-0B8A-7A1E775DD3EF}</UniqueIdentifier>
    </Filter>
    <Filter Include="View">
      <UniqueIdentifier>{40048E7C-2C3B-8F0D-D527-7510C13D0B0F}</UniqueIdentifier>
    </Filter>
  </ItemGroup>
  <ItemGroup>
    <ClInclude Include="src\Control\Authenticator.h">
      <Filter>Control</Filter>
    </ClInclude>
    <ClInclude Include="src\Model\User.h">
      <Filter>Model</Filter>
    </ClInclude>
    <ClInclude Include="src\View\UI.h">
      <Filter>View</Filter>
    </ClInclude>
    <ClInclude Include="src\Model\UserDatabase.h" />
    <ClInclude Include="src\Control\PasswordGenerator.h" />
  </ItemGroup>
  <ItemGroup>
    <ClCompile Include="src\Control\Authenticator.cpp">
      <Filter>Control</Filter>
    </ClCompile>
    <ClCompile Include="src\Main.cpp" />
    <ClCompile Include="src\View\UI.cpp">
      <Filter>View</Filter>
    </ClCompile>
    <ClCompile Include="src\Model\UserDatabase.cpp" />
    <ClCompile Include="src\Control\PasswordGenerator.cpp" />
  </ItemGroup>
</Project>